<?xml version="1.0" encoding="UTF-8" standalone="yes" ?>
<CodeBlocks_project_file>
	<FileVersion major="1" minor="6" />
	<Project>
		<Option title="JNITest" />
		<Option pch_mode="2" />
		<Option compiler="gcc" />
		<Build>
			<Target title="Debug">
				<Option output="bin/Debug/JNITest" prefix_auto="1" extension_auto="1" />
				<Option object_output="obj/Debug/" />
				<Option type="1" />
				<Option compiler="gcc" />
				<Compiler>
					<Add option="-g" />
					<Add option="-D_GLIBCXX_USE_NANOSLEEP" />
				</Compiler>
			</Target>
			<Target title="Release">
				<Option output="bin/Release/JNITest" prefix_auto="1" extension_auto="1" />
				<Option object_output="obj/Release/" />
				<Option type="1" />
				<Option compiler="gcc" />
				<Compiler>
					<Add option="-O2" />
					<Add directory="%JAVA_HOME%/include" />
					<Add directory="%JAVA_HOME%/include/win32" />
				</Compiler>
				<Linker>
					<Add option="-s" />
					<Add directory="%JAVA_HOME%/lib" />
				</Linker>
			</Target>
		</Build>
		<Compiler>
			<Add option="-std=c++0x" />
			<Add option="-Wall" />
			<Add option="-fexceptions" />
			<Add option="-ljvm" />
			<Add directory="$JAVA_HOME/include" />
			<Add directory="$JAVA_HOME/include/linux" />
		</Compiler>
		<Linker>
			<Add library="/usr/lib/jvm/java-1.7.0/jre/lib/i386/client/libjvm.so" />
			<Add directory="/usr/lib/jvm/java-1.7.0/jre/lib/i386/client" />
			<Add directory="$JAVA_HOME/jre/lib/i386/" />
		</Linker>
		<Unit filename="main.cpp" />
		<Extensions>
			<code_completion />
			<envvars />
			<debugger />
		</Extensions>
	</Project>
</CodeBlocks_project_file>
